// !$*UTF8*$!
{
	archiveVersion = 1;
	classes = {
	};
	objectVersion = 77;
	objects = {

/* Begin PBXBuildFile section */
		5702B25E2D14D22E006EB57A /* NSLayoutConstraint+LayoutBuilder.swift in Sources */ = {isa = PBXBuildFile; fileRef = 5702B2592D14D22E006EB57A /* NSLayoutConstraint+LayoutBuilder.swift */; };
		5702B25F2D14D22E006EB57A /* XXView+CommonConstraints.swift in Sources */ = {isa = PBXBuildFile; fileRef = 5702B25B2D14D22E006EB57A /* XXView+CommonConstraints.swift */; };
		5702B2602D14D22E006EB57A /* NSLayoutConstraint+Extensions.swift in Sources */ = {isa = PBXBuildFile; fileRef = 5702B2582D14D22E006EB57A /* NSLayoutConstraint+Extensions.swift */; };
		5702B2612D14D22E006EB57A /* LayoutBuilder.swift in Sources */ = {isa = PBXBuildFile; fileRef = 5702B2572D14D22E006EB57A /* LayoutBuilder.swift */; };
		5702B2622D14D22E006EB57A /* XXView+LayoutBuilder.swift in Sources */ = {isa = PBXBuildFile; fileRef = 5702B25C2D14D22E006EB57A /* XXView+LayoutBuilder.swift */; };
		5702B2662D14D812006EB57A /* UIView+ClosureConfigurable.swift in Sources */ = {isa = PBXBuildFile; fileRef = 5702B2652D14D812006EB57A /* UIView+ClosureConfigurable.swift */; };
		5702B2682D15D7CB006EB57A /* BarrelGenerator.swift in Sources */ = {isa = PBXBuildFile; fileRef = 5702B2672D15D7C6006EB57A /* BarrelGenerator.swift */; };
		5748DD672CF3E47D00589724 /* Art.scnassets in Resources */ = {isa = PBXBuildFile; fileRef = 5748DD5C2CF3E47D00589724 /* Art.scnassets */; };
		5748DD682CF3E47D00589724 /* Assets.xcassets in Resources */ = {isa = PBXBuildFile; fileRef = 5748DD5D2CF3E47D00589724 /* Assets.xcassets */; };
		5748DD692CF3E47D00589724 /* LaunchScreen.storyboard in Resources */ = {isa = PBXBuildFile; fileRef = 5748DD5F2CF3E47D00589724 /* LaunchScreen.storyboard */; };
		5748DD6A2CF3E47D00589724 /* CharacterWithCamera.swift in Sources */ = {isa = PBXBuildFile; fileRef = 5748DD562CF3E47D00589724 /* CharacterWithCamera.swift */; };
		5748DD6B2CF3E47D00589724 /* Floor.swift in Sources */ = {isa = PBXBuildFile; fileRef = 5748DD572CF3E47D00589724 /* Floor.swift */; };
		5748DD6C2CF3E47D00589724 /* GameScene.swift in Sources */ = {isa = PBXBuildFile; fileRef = 5748DD592CF3E47D00589724 /* GameScene.swift */; };
		5748DD6D2CF3E47D00589724 /* Component.swift in Sources */ = {isa = PBXBuildFile; fileRef = 5748DD612CF3E47D00589724 /* Component.swift */; };
		5748DD6E2CF3E47D00589724 /* Scene.swift in Sources */ = {isa = PBXBuildFile; fileRef = 5748DD622CF3E47D00589724 /* Scene.swift */; };
		5748DD6F2CF3E47D00589724 /* SceneViewController.swift in Sources */ = {isa = PBXBuildFile; fileRef = 5748DD632CF3E47D00589724 /* SceneViewController.swift */; };
		5748DD702CF3E47D00589724 /* AppDelegate.swift in Sources */ = {isa = PBXBuildFile; fileRef = 5748DD652CF3E47D00589724 /* AppDelegate.swift */; };
		5748DD782CF3E7DC00589724 /* swiftlint in Resources */ = {isa = PBXBuildFile; fileRef = 5748DD772CF3E7DC00589724 /* swiftlint */; };
		5748DD792CF3E7DC00589724 /* swiftformat in Resources */ = {isa = PBXBuildFile; fileRef = 5748DD762CF3E7DC00589724 /* swiftformat */; };
		5748DDF32CF3EF3C00589724 /* TypeAliases.swift in Sources */ = {isa = PBXBuildFile; fileRef = 5748DDEF2CF3EEE900589724 /* TypeAliases.swift */; };
		5784D9BC2D1701E300A3E23A /* Event.swift in Sources */ = {isa = PBXBuildFile; fileRef = 5784D9BB2D1701E000A3E23A /* Event.swift */; };
		5784D9BE2D17056600A3E23A /* FlyingEvent.swift in Sources */ = {isa = PBXBuildFile; fileRef = 5784D9BD2D17055C00A3E23A /* FlyingEvent.swift */; };
		57F6CA0E2D0DD875009E3A35 /* Barrel.swift in Sources */ = {isa = PBXBuildFile; fileRef = 57F6CA0D2D0DD86E009E3A35 /* Barrel.swift */; };
		57F6CA182D0E058A009E3A35 /* DataService.swift in Sources */ = {isa = PBXBuildFile; fileRef = 57F6CA172D0E0581009E3A35 /* DataService.swift */; };
		57F6CA1A2D0E0599009E3A35 /* DI+DataService.swift in Sources */ = {isa = PBXBuildFile; fileRef = 57F6CA192D0E0594009E3A35 /* DI+DataService.swift */; };
		57F6CA1D2D0E0647009E3A35 /* DI in Frameworks */ = {isa = PBXBuildFile; productRef = 57F6CA1C2D0E0647009E3A35 /* DI */; };
		57FE0F312D147BC400C64C93 /* Colors.swift in Sources */ = {isa = PBXBuildFile; fileRef = 57FE0F302D147BC100C64C93 /* Colors.swift */; };
		57FE0F332D1485EC00C64C93 /* GameSceneViewController.swift in Sources */ = {isa = PBXBuildFile; fileRef = 57FE0F322D1485E200C64C93 /* GameSceneViewController.swift */; };
/* End PBXBuildFile section */

/* Begin PBXFileReference section */
		5702B2572D14D22E006EB57A /* LayoutBuilder.swift */ = {isa = PBXFileReference; lastKnownFileType = sourcecode.swift; path = LayoutBuilder.swift; sourceTree = "<group>"; };
		5702B2582D14D22E006EB57A /* NSLayoutConstraint+Extensions.swift */ = {isa = PBXFileReference; lastKnownFileType = sourcecode.swift; path = "NSLayoutConstraint+Extensions.swift"; sourceTree = "<group>"; };
		5702B2592D14D22E006EB57A /* NSLayoutConstraint+LayoutBuilder.swift */ = {isa = PBXFileReference; lastKnownFileType = sourcecode.swift; path = "NSLayoutConstraint+LayoutBuilder.swift"; sourceTree = "<group>"; };
		5702B25B2D14D22E006EB57A /* XXView+CommonConstraints.swift */ = {isa = PBXFileReference; lastKnownFileType = sourcecode.swift; path = "XXView+CommonConstraints.swift"; sourceTree = "<group>"; };
		5702B25C2D14D22E006EB57A /* XXView+LayoutBuilder.swift */ = {isa = PBXFileReference; lastKnownFileType = sourcecode.swift; path = "XXView+LayoutBuilder.swift"; sourceTree = "<group>"; };
		5702B2652D14D812006EB57A /* UIView+ClosureConfigurable.swift */ = {isa = PBXFileReference; lastKnownFileType = sourcecode.swift; path = "UIView+ClosureConfigurable.swift"; sourceTree = "<group>"; };
		5702B2672D15D7C6006EB57A /* BarrelGenerator.swift */ = {isa = PBXFileReference; lastKnownFileType = sourcecode.swift; path = BarrelGenerator.swift; sourceTree = "<group>"; };
		5748DD562CF3E47D00589724 /* CharacterWithCamera.swift */ = {isa = PBXFileReference; lastKnownFileType = sourcecode.swift; path = CharacterWithCamera.swift; sourceTree = "<group>"; };
		5748DD572CF3E47D00589724 /* Floor.swift */ = {isa = PBXFileReference; lastKnownFileType = sourcecode.swift; path = Floor.swift; sourceTree = "<group>"; };
		5748DD592CF3E47D00589724 /* GameScene.swift */ = {isa = PBXFileReference; lastKnownFileType = sourcecode.swift; path = GameScene.swift; sourceTree = "<group>"; };
		5748DD5C2CF3E47D00589724 /* Art.scnassets */ = {isa = PBXFileReference; lastKnownFileType = wrapper.scnassets; path = Art.scnassets; sourceTree = "<group>"; };
		5748DD5D2CF3E47D00589724 /* Assets.xcassets */ = {isa = PBXFileReference; lastKnownFileType = folder.assetcatalog; path = Assets.xcassets; sourceTree = "<group>"; };
		5748DD5E2CF3E47D00589724 /* Base */ = {isa = PBXFileReference; lastKnownFileType = file.storyboard; name = Base; path = Base.lproj/LaunchScreen.storyboard; sourceTree = "<group>"; };
		5748DD612CF3E47D00589724 /* Component.swift */ = {isa = PBXFileReference; lastKnownFileType = sourcecode.swift; path = Component.swift; sourceTree = "<group>"; };
		5748DD622CF3E47D00589724 /* Scene.swift */ = {isa = PBXFileReference; lastKnownFileType = sourcecode.swift; path = Scene.swift; sourceTree = "<group>"; };
		5748DD632CF3E47D00589724 /* SceneViewController.swift */ = {isa = PBXFileReference; lastKnownFileType = sourcecode.swift; path = SceneViewController.swift; sourceTree = "<group>"; };
		5748DD652CF3E47D00589724 /* AppDelegate.swift */ = {isa = PBXFileReference; lastKnownFileType = sourcecode.swift; path = AppDelegate.swift; sourceTree = "<group>"; };
		5748DD762CF3E7DC00589724 /* swiftformat */ = {isa = PBXFileReference; lastKnownFileType = text; path = swiftformat; sourceTree = "<group>"; };
		5748DD772CF3E7DC00589724 /* swiftlint */ = {isa = PBXFileReference; lastKnownFileType = text; path = swiftlint; sourceTree = "<group>"; };
		5748DDEF2CF3EEE900589724 /* TypeAliases.swift */ = {isa = PBXFileReference; lastKnownFileType = sourcecode.swift; path = TypeAliases.swift; sourceTree = "<group>"; };
		5773CAE92CF2128000A7F2A4 /* Low-budget Survival Crafter.app */ = {isa = PBXFileReference; explicitFileType = wrapper.application; includeInIndex = 0; path = "Low-budget Survival Crafter.app"; sourceTree = BUILT_PRODUCTS_DIR; };
		5784D9BB2D1701E000A3E23A /* Event.swift */ = {isa = PBXFileReference; lastKnownFileType = sourcecode.swift; path = Event.swift; sourceTree = "<group>"; };
		5784D9BD2D17055C00A3E23A /* FlyingEvent.swift */ = {isa = PBXFileReference; lastKnownFileType = sourcecode.swift; path = FlyingEvent.swift; sourceTree = "<group>"; };
		57F6CA0D2D0DD86E009E3A35 /* Barrel.swift */ = {isa = PBXFileReference; lastKnownFileType = sourcecode.swift; path = Barrel.swift; sourceTree = "<group>"; };
		57F6CA142D0E0498009E3A35 /* DI */ = {isa = PBXFileReference; lastKnownFileType = wrapper; path = DI; sourceTree = "<group>"; };
		57F6CA172D0E0581009E3A35 /* DataService.swift */ = {isa = PBXFileReference; lastKnownFileType = sourcecode.swift; path = DataService.swift; sourceTree = "<group>"; };
		57F6CA192D0E0594009E3A35 /* DI+DataService.swift */ = {isa = PBXFileReference; lastKnownFileType = sourcecode.swift; path = "DI+DataService.swift"; sourceTree = "<group>"; };
		57FE0F302D147BC100C64C93 /* Colors.swift */ = {isa = PBXFileReference; lastKnownFileType = sourcecode.swift; path = Colors.swift; sourceTree = "<group>"; };
		57FE0F322D1485E200C64C93 /* GameSceneViewController.swift */ = {isa = PBXFileReference; lastKnownFileType = sourcecode.swift; path = GameSceneViewController.swift; sourceTree = "<group>"; };
/* End PBXFileReference section */

/* Begin PBXFrameworksBuildPhase section */
		5773CAE62CF2128000A7F2A4 /* Frameworks */ = {
			isa = PBXFrameworksBuildPhase;
			buildActionMask = 2147483647;
			files = (
				57F6CA1D2D0E0647009E3A35 /* DI in Frameworks */,
			);
			runOnlyForDeploymentPostprocessing = 0;
		};
/* End PBXFrameworksBuildPhase section */

/* Begin PBXGroup section */
		5702B25D2D14D22E006EB57A /* AutoLayout */ = {
			isa = PBXGroup;
			children = (
				5702B2572D14D22E006EB57A /* LayoutBuilder.swift */,
				5702B2582D14D22E006EB57A /* NSLayoutConstraint+Extensions.swift */,
				5702B2592D14D22E006EB57A /* NSLayoutConstraint+LayoutBuilder.swift */,
				5702B25B2D14D22E006EB57A /* XXView+CommonConstraints.swift */,
				5702B25C2D14D22E006EB57A /* XXView+LayoutBuilder.swift */,
			);
			path = AutoLayout;
			sourceTree = "<group>";
		};
		5702B2642D14D804006EB57A /* Extensions */ = {
			isa = PBXGroup;
			children = (
				5702B2652D14D812006EB57A /* UIView+ClosureConfigurable.swift */,
			);
			path = Extensions;
			sourceTree = "<group>";
		};
		5748DD2D2CF3E3FC00589724 /* Shared */ = {
			isa = PBXGroup;
			children = (
				57F6CA132D0E048F009E3A35 /* Packages */,
				57F6CA152D0E04D2009E3A35 /* Services */,
				5748DD752CF3E7CB00589724 /* Config */,
				5748DD7E2CF3EACC00589724 /* Common */,
				5748DD582CF3E47D00589724 /* Components */,
				5748DD5B2CF3E47D00589724 /* Features */,
				5748DD602CF3E47D00589724 /* Resources */,
			);
			path = Shared;
			sourceTree = "<group>";
		};
		5748DD582CF3E47D00589724 /* Components */ = {
			isa = PBXGroup;
			children = (
				5748DD572CF3E47D00589724 /* Floor.swift */,
				5748DD562CF3E47D00589724 /* CharacterWithCamera.swift */,
				57F6CA0D2D0DD86E009E3A35 /* Barrel.swift */,
				5702B2672D15D7C6006EB57A /* BarrelGenerator.swift */,
				5784D9BD2D17055C00A3E23A /* FlyingEvent.swift */,
			);
			path = Components;
			sourceTree = "<group>";
		};
		5748DD5A2CF3E47D00589724 /* Game */ = {
			isa = PBXGroup;
			children = (
				5748DD592CF3E47D00589724 /* GameScene.swift */,
			);
			path = Game;
			sourceTree = "<group>";
		};
		5748DD5B2CF3E47D00589724 /* Features */ = {
			isa = PBXGroup;
			children = (
				5748DD5A2CF3E47D00589724 /* Game */,
			);
			path = Features;
			sourceTree = "<group>";
		};
		5748DD602CF3E47D00589724 /* Resources */ = {
			isa = PBXGroup;
			children = (
				5748DD5C2CF3E47D00589724 /* Art.scnassets */,
				5748DD5D2CF3E47D00589724 /* Assets.xcassets */,
				5748DD5F2CF3E47D00589724 /* LaunchScreen.storyboard */,
			);
			path = Resources;
			sourceTree = "<group>";
		};
		5748DD662CF3E47D00589724 /* iOS */ = {
			isa = PBXGroup;
			children = (
				5748DD652CF3E47D00589724 /* AppDelegate.swift */,
				5748DDEF2CF3EEE900589724 /* TypeAliases.swift */,
				5702B2642D14D804006EB57A /* Extensions */,
				57FE0F342D14878F00C64C93 /* Controllers */,
			);
			path = iOS;
			sourceTree = "<group>";
		};
		5748DD752CF3E7CB00589724 /* Config */ = {
			isa = PBXGroup;
			children = (
				5748DD762CF3E7DC00589724 /* swiftformat */,
				5748DD772CF3E7DC00589724 /* swiftlint */,
			);
			path = Config;
			sourceTree = "<group>";
		};
		5748DD7E2CF3EACC00589724 /* Common */ = {
			isa = PBXGroup;
			children = (
				5702B25D2D14D22E006EB57A /* AutoLayout */,
				57FE0F302D147BC100C64C93 /* Colors.swift */,
				5748DD612CF3E47D00589724 /* Component.swift */,
				5748DD622CF3E47D00589724 /* Scene.swift */,
				5784D9BB2D1701E000A3E23A /* Event.swift */,
			);
			path = Common;
			sourceTree = "<group>";
		};
		5773CADC2CF2127F00A7F2A4 = {
			isa = PBXGroup;
			children = (
				5748DD2D2CF3E3FC00589724 /* Shared */,
				5748DD662CF3E47D00589724 /* iOS */,
				5773CAEA2CF2128000A7F2A4 /* Products */,
			);
			sourceTree = "<group>";
		};
		5773CAEA2CF2128000A7F2A4 /* Products */ = {
			isa = PBXGroup;
			children = (
				5773CAE92CF2128000A7F2A4 /* Low-budget Survival Crafter.app */,
			);
			name = Products;
			sourceTree = "<group>";
		};
		57F6CA132D0E048F009E3A35 /* Packages */ = {
			isa = PBXGroup;
			children = (
				57F6CA142D0E0498009E3A35 /* DI */,
			);
			path = Packages;
			sourceTree = "<group>";
		};
		57F6CA152D0E04D2009E3A35 /* Services */ = {
			isa = PBXGroup;
			children = (
				57F6CA162D0E04DA009E3A35 /* Data */,
			);
			path = Services;
			sourceTree = "<group>";
		};
		57F6CA162D0E04DA009E3A35 /* Data */ = {
			isa = PBXGroup;
			children = (
				57F6CA192D0E0594009E3A35 /* DI+DataService.swift */,
				57F6CA172D0E0581009E3A35 /* DataService.swift */,
			);
			path = Data;
			sourceTree = "<group>";
		};
		57FE0F342D14878F00C64C93 /* Controllers */ = {
			isa = PBXGroup;
			children = (
				5748DD632CF3E47D00589724 /* SceneViewController.swift */,
				57FE0F352D14879F00C64C93 /* Features */,
			);
			path = Controllers;
			sourceTree = "<group>";
		};
		57FE0F352D14879F00C64C93 /* Features */ = {
			isa = PBXGroup;
			children = (
				57FE0F322D1485E200C64C93 /* GameSceneViewController.swift */,
			);
			path = Features;
			sourceTree = "<group>";
		};
/* End PBXGroup section */

/* Begin PBXNativeTarget section */
		5773CAE82CF2128000A7F2A4 /* LBSC iOS */ = {
			isa = PBXNativeTarget;
			buildConfigurationList = 5773CAFA2CF2128000A7F2A4 /* Build configuration list for PBXNativeTarget "LBSC iOS" */;
			buildPhases = (
				5748DD232CF3E28400589724 /* Format and Lint */,
				5773CAE52CF2128000A7F2A4 /* Sources */,
				5773CAE62CF2128000A7F2A4 /* Frameworks */,
				5773CAE72CF2128000A7F2A4 /* Resources */,
			);
			buildRules = (
			);
			dependencies = (
			);
			name = "LBSC iOS";
			packageProductDependencies = (
				57F6CA1C2D0E0647009E3A35 /* DI */,
			);
			productName = "Low-budget Survival Crafter iOS";
			productReference = 5773CAE92CF2128000A7F2A4 /* Low-budget Survival Crafter.app */;
			productType = "com.apple.product-type.application";
		};
/* End PBXNativeTarget section */

/* Begin PBXProject section */
		5773CADD2CF2127F00A7F2A4 /* Project object */ = {
			isa = PBXProject;
			attributes = {
				BuildIndependentTargetsInParallel = 1;
				LastSwiftUpdateCheck = 1610;
				LastUpgradeCheck = 1610;
				TargetAttributes = {
					5773CAE82CF2128000A7F2A4 = {
						CreatedOnToolsVersion = 16.1;
					};
				};
			};
			buildConfigurationList = 5773CAE02CF2127F00A7F2A4 /* Build configuration list for PBXProject "LowBudgetSurvivalCrafter" */;
			developmentRegion = en;
			hasScannedForEncodings = 0;
			knownRegions = (
				en,
				Base,
			);
			mainGroup = 5773CADC2CF2127F00A7F2A4;
			minimizedProjectReferenceProxies = 1;
			packageReferences = (
				57F6CA1B2D0E0647009E3A35 /* XCLocalSwiftPackageReference "Shared/Packages/DI" */,
			);
			preferredProjectObjectVersion = 77;
			productRefGroup = 5773CAEA2CF2128000A7F2A4 /* Products */;
			projectDirPath = "";
			projectRoot = "";
			targets = (
				5773CAE82CF2128000A7F2A4 /* LBSC iOS */,
			);
		};
/* End PBXProject section */

/* Begin PBXResourcesBuildPhase section */
		5773CAE72CF2128000A7F2A4 /* Resources */ = {
			isa = PBXResourcesBuildPhase;
			buildActionMask = 2147483647;
			files = (
				5748DD672CF3E47D00589724 /* Art.scnassets in Resources */,
				5748DD682CF3E47D00589724 /* Assets.xcassets in Resources */,
				5748DD782CF3E7DC00589724 /* swiftlint in Resources */,
				5748DD792CF3E7DC00589724 /* swiftformat in Resources */,
				5748DD692CF3E47D00589724 /* LaunchScreen.storyboard in Resources */,
			);
			runOnlyForDeploymentPostprocessing = 0;
		};
/* End PBXResourcesBuildPhase section */

/* Begin PBXShellScriptBuildPhase section */
		5748DD232CF3E28400589724 /* Format and Lint */ = {
			isa = PBXShellScriptBuildPhase;
			alwaysOutOfDate = 1;
			buildActionMask = 2147483647;
			files = (
			);
			inputFileListPaths = (
			);
			inputPaths = (
			);
			name = "Format and Lint";
			outputFileListPaths = (
			);
			outputPaths = (
			);
			runOnlyForDeploymentPostprocessing = 0;
			shellPath = /bin/sh;
			shellScript = "export PATH=\"$PATH:/opt/homebrew/bin\"\n\nswiftformat . --config Shared/Config/swiftformat\nswiftlint --config Shared/Config/swiftlint\n";
			showEnvVarsInLog = 0;
		};
/* End PBXShellScriptBuildPhase section */

/* Begin PBXSourcesBuildPhase section */
		5773CAE52CF2128000A7F2A4 /* Sources */ = {
			isa = PBXSourcesBuildPhase;
			buildActionMask = 2147483647;
			files = (
				57F6CA1A2D0E0599009E3A35 /* DI+DataService.swift in Sources */,
				57FE0F312D147BC400C64C93 /* Colors.swift in Sources */,
				5748DDF32CF3EF3C00589724 /* TypeAliases.swift in Sources */,
				5702B25E2D14D22E006EB57A /* NSLayoutConstraint+LayoutBuilder.swift in Sources */,
				5702B25F2D14D22E006EB57A /* XXView+CommonConstraints.swift in Sources */,
				5702B2602D14D22E006EB57A /* NSLayoutConstraint+Extensions.swift in Sources */,
				5702B2612D14D22E006EB57A /* LayoutBuilder.swift in Sources */,
				5702B2622D14D22E006EB57A /* XXView+LayoutBuilder.swift in Sources */,
				5748DD6A2CF3E47D00589724 /* CharacterWithCamera.swift in Sources */,
				57FE0F332D1485EC00C64C93 /* GameSceneViewController.swift in Sources */,
				5748DD6B2CF3E47D00589724 /* Floor.swift in Sources */,
				5748DD6C2CF3E47D00589724 /* GameScene.swift in Sources */,
				57F6CA0E2D0DD875009E3A35 /* Barrel.swift in Sources */,
				5748DD6D2CF3E47D00589724 /* Component.swift in Sources */,
				5702B2662D14D812006EB57A /* UIView+ClosureConfigurable.swift in Sources */,
				5748DD6E2CF3E47D00589724 /* Scene.swift in Sources */,
				5748DD6F2CF3E47D00589724 /* SceneViewController.swift in Sources */,
				5784D9BE2D17056600A3E23A /* FlyingEvent.swift in Sources */,
				5748DD702CF3E47D00589724 /* AppDelegate.swift in Sources */,
				57F6CA182D0E058A009E3A35 /* DataService.swift in Sources */,
				5784D9BC2D1701E300A3E23A /* Event.swift in Sources */,
				5702B2682D15D7CB006EB57A /* BarrelGenerator.swift in Sources */,
			);
			runOnlyForDeploymentPostprocessing = 0;
		};
/* End PBXSourcesBuildPhase section */

/* Begin PBXVariantGroup section */
		5748DD5F2CF3E47D00589724 /* LaunchScreen.storyboard */ = {
			isa = PBXVariantGroup;
			children = (
				5748DD5E2CF3E47D00589724 /* Base */,
			);
			name = LaunchScreen.storyboard;
			sourceTree = "<group>";
		};
/* End PBXVariantGroup section */

/* Begin XCBuildConfiguration section */
		5773CAFB2CF2128000A7F2A4 /* Debug */ = {
			isa = XCBuildConfiguration;
			buildSettings = {
				ASSETCATALOG_COMPILER_APPICON_NAME = AppIcon;
				ASSETCATALOG_COMPILER_GLOBAL_ACCENT_COLOR_NAME = AccentColor;
				CODE_SIGN_STYLE = Automatic;
				CURRENT_PROJECT_VERSION = 1;
				DEVELOPMENT_TEAM = S2TFH25BWZ;
				ENABLE_USER_SCRIPT_SANDBOXING = NO;
				GENERATE_INFOPLIST_FILE = YES;
				INFOPLIST_KEY_UIApplicationSupportsIndirectInputEvents = YES;
				INFOPLIST_KEY_UILaunchStoryboardName = LaunchScreen;
				INFOPLIST_KEY_UIStatusBarHidden = YES;
				INFOPLIST_KEY_UISupportedInterfaceOrientations = "UIInterfaceOrientationLandscapeLeft UIInterfaceOrientationLandscapeRight";
				IPHONEOS_DEPLOYMENT_TARGET = 18.1;
				LD_RUNPATH_SEARCH_PATHS = (
					"$(inherited)",
					"@executable_path/Frameworks",
				);
				MARKETING_VERSION = 1.0;
				PRODUCT_BUNDLE_IDENTIFIER = "com.lbsc.Low-budget-Survival-Crafter";
				PRODUCT_NAME = "Low-budget Survival Crafter";
				SDKROOT = iphoneos;
				SWIFT_EMIT_LOC_STRINGS = YES;
				SWIFT_VERSION = 5.0;
				TARGETED_DEVICE_FAMILY = "1,2";
			};
			name = Debug;
		};
		5773CAFC2CF2128000A7F2A4 /* Release */ = {
			isa = XCBuildConfiguration;
			buildSettings = {
				ASSETCATALOG_COMPILER_APPICON_NAME = AppIcon;
				ASSETCATALOG_COMPILER_GLOBAL_ACCENT_COLOR_NAME = AccentColor;
				CODE_SIGN_STYLE = Automatic;
				CURRENT_PROJECT_VERSION = 1;
				DEVELOPMENT_TEAM = S2TFH25BWZ;
				ENABLE_USER_SCRIPT_SANDBOXING = NO;
				GENERATE_INFOPLIST_FILE = YES;
				INFOPLIST_KEY_UIApplicationSupportsIndirectInputEvents = YES;
				INFOPLIST_KEY_UILaunchStoryboardName = LaunchScreen;
				INFOPLIST_KEY_UIStatusBarHidden = YES;
				INFOPLIST_KEY_UISupportedInterfaceOrientations = "UIInterfaceOrientationLandscapeLeft UIInterfaceOrientationLandscapeRight";
				IPHONEOS_DEPLOYMENT_TARGET = 18.1;
				LD_RUNPATH_SEARCH_PATHS = (
					"$(inherited)",
					"@executable_path/Frameworks",
				);
				MARKETING_VERSION = 1.0;
				PRODUCT_BUNDLE_IDENTIFIER = "com.lbsc.Low-budget-Survival-Crafter";
				PRODUCT_NAME = "Low-budget Survival Crafter";
				SDKROOT = iphoneos;
				SWIFT_EMIT_LOC_STRINGS = YES;
				SWIFT_VERSION = 5.0;
				TARGETED_DEVICE_FAMILY = "1,2";
				VALIDATE_PRODUCT = YES;
			};
			name = Release;
		};
		5773CAFD2CF2128000A7F2A4 /* Debug */ = {
			isa = XCBuildConfiguration;
			buildSettings = {
				ALWAYS_SEARCH_USER_PATHS = NO;
				ASSETCATALOG_COMPILER_GENERATE_SWIFT_ASSET_SYMBOL_EXTENSIONS = YES;
				CLANG_ANALYZER_NONNULL = YES;
				CLANG_ANALYZER_NUMBER_OBJECT_CONVERSION = YES_AGGRESSIVE;
				CLANG_CXX_LANGUAGE_STANDARD = "gnu++20";
				CLANG_ENABLE_MODULES = YES;
				CLANG_ENABLE_OBJC_ARC = YES;
				CLANG_ENABLE_OBJC_WEAK = YES;
				CLANG_WARN_BLOCK_CAPTURE_AUTORELEASING = YES;
				CLANG_WARN_BOOL_CONVERSION = YES;
				CLANG_WARN_COMMA = YES;
				CLANG_WARN_CONSTANT_CONVERSION = YES;
				CLANG_WARN_DEPRECATED_OBJC_IMPLEMENTATIONS = YES;
				CLANG_WARN_DIRECT_OBJC_ISA_USAGE = YES_ERROR;
				CLANG_WARN_DOCUMENTATION_COMMENTS = YES;
				CLANG_WARN_EMPTY_BODY = YES;
				CLANG_WARN_ENUM_CONVERSION = YES;
				CLANG_WARN_INFINITE_RECURSION = YES;
				CLANG_WARN_INT_CONVERSION = YES;
				CLANG_WARN_NON_LITERAL_NULL_CONVERSION = YES;
				CLANG_WARN_OBJC_IMPLICIT_RETAIN_SELF = YES;
				CLANG_WARN_OBJC_LITERAL_CONVERSION = YES;
				CLANG_WARN_OBJC_ROOT_CLASS = YES_ERROR;
				CLANG_WARN_QUOTED_INCLUDE_IN_FRAMEWORK_HEADER = YES;
				CLANG_WARN_RANGE_LOOP_ANALYSIS = YES;
				CLANG_WARN_STRICT_PROTOTYPES = YES;
				CLANG_WARN_SUSPICIOUS_MOVE = YES;
				CLANG_WARN_UNGUARDED_AVAILABILITY = YES_AGGRESSIVE;
				CLANG_WARN_UNREACHABLE_CODE = YES;
				CLANG_WARN__DUPLICATE_METHOD_MATCH = YES;
				COPY_PHASE_STRIP = NO;
				DEBUG_INFORMATION_FORMAT = dwarf;
				ENABLE_STRICT_OBJC_MSGSEND = YES;
				ENABLE_TESTABILITY = YES;
				ENABLE_USER_SCRIPT_SANDBOXING = YES;
				GCC_C_LANGUAGE_STANDARD = gnu17;
				GCC_DYNAMIC_NO_PIC = NO;
				GCC_NO_COMMON_BLOCKS = YES;
				GCC_OPTIMIZATION_LEVEL = 0;
				GCC_PREPROCESSOR_DEFINITIONS = (
					"DEBUG=1",
					"$(inherited)",
				);
				GCC_WARN_64_TO_32_BIT_CONVERSION = YES;
				GCC_WARN_ABOUT_RETURN_TYPE = YES_ERROR;
				GCC_WARN_UNDECLARED_SELECTOR = YES;
				GCC_WARN_UNINITIALIZED_AUTOS = YES_AGGRESSIVE;
				GCC_WARN_UNUSED_FUNCTION = YES;
				GCC_WARN_UNUSED_VARIABLE = YES;
				LOCALIZATION_PREFERS_STRING_CATALOGS = YES;
				MTL_ENABLE_DEBUG_INFO = INCLUDE_SOURCE;
				MTL_FAST_MATH = YES;
				ONLY_ACTIVE_ARCH = YES;
				SWIFT_ACTIVE_COMPILATION_CONDITIONS = "DEBUG $(inherited)";
				SWIFT_OPTIMIZATION_LEVEL = "-Onone";
			};
			name = Debug;
		};
		5773CAFE2CF2128000A7F2A4 /* Release */ = {
			isa = XCBuildConfiguration;
			buildSettings = {
				ALWAYS_SEARCH_USER_PATHS = NO;
				ASSETCATALOG_COMPILER_GENERATE_SWIFT_ASSET_SYMBOL_EXTENSIONS = YES;
				CLANG_ANALYZER_NONNULL = YES;
				CLANG_ANALYZER_NUMBER_OBJECT_CONVERSION = YES_AGGRESSIVE;
				CLANG_CXX_LANGUAGE_STANDARD = "gnu++20";
				CLANG_ENABLE_MODULES = YES;
				CLANG_ENABLE_OBJC_ARC = YES;
				CLANG_ENABLE_OBJC_WEAK = YES;
				CLANG_WARN_BLOCK_CAPTURE_AUTORELEASING = YES;
				CLANG_WARN_BOOL_CONVERSION = YES;
				CLANG_WARN_COMMA = YES;
				CLANG_WARN_CONSTANT_CONVERSION = YES;
				CLANG_WARN_DEPRECATED_OBJC_IMPLEMENTATIONS = YES;
				CLANG_WARN_DIRECT_OBJC_ISA_USAGE = YES_ERROR;
				CLANG_WARN_DOCUMENTATION_COMMENTS = YES;
				CLANG_WARN_EMPTY_BODY = YES;
				CLANG_WARN_ENUM_CONVERSION = YES;
				CLANG_WARN_INFINITE_RECURSION = YES;
				CLANG_WARN_INT_CONVERSION = YES;
				CLANG_WARN_NON_LITERAL_NULL_CONVERSION = YES;
				CLANG_WARN_OBJC_IMPLICIT_RETAIN_SELF = YES;
				CLANG_WARN_OBJC_LITERAL_CONVERSION = YES;
				CLANG_WARN_OBJC_ROOT_CLASS = YES_ERROR;
				CLANG_WARN_QUOTED_INCLUDE_IN_FRAMEWORK_HEADER = YES;
				CLANG_WARN_RANGE_LOOP_ANALYSIS = YES;
				CLANG_WARN_STRICT_PROTOTYPES = YES;
				CLANG_WARN_SUSPICIOUS_MOVE = YES;
				CLANG_WARN_UNGUARDED_AVAILABILITY = YES_AGGRESSIVE;
				CLANG_WARN_UNREACHABLE_CODE = YES;
				CLANG_WARN__DUPLICATE_METHOD_MATCH = YES;
				COPY_PHASE_STRIP = NO;
				DEBUG_INFORMATION_FORMAT = "dwarf-with-dsym";
				ENABLE_NS_ASSERTIONS = NO;
				ENABLE_STRICT_OBJC_MSGSEND = YES;
				ENABLE_USER_SCRIPT_SANDBOXING = YES;
				GCC_C_LANGUAGE_STANDARD = gnu17;
				GCC_NO_COMMON_BLOCKS = YES;
				GCC_WARN_64_TO_32_BIT_CONVERSION = YES;
				GCC_WARN_ABOUT_RETURN_TYPE = YES_ERROR;
				GCC_WARN_UNDECLARED_SELECTOR = YES;
				GCC_WARN_UNINITIALIZED_AUTOS = YES_AGGRESSIVE;
				GCC_WARN_UNUSED_FUNCTION = YES;
				GCC_WARN_UNUSED_VARIABLE = YES;
				LOCALIZATION_PREFERS_STRING_CATALOGS = YES;
				MTL_ENABLE_DEBUG_INFO = NO;
				MTL_FAST_MATH = YES;
				SWIFT_COMPILATION_MODE = wholemodule;
			};
			name = Release;
		};
/* End XCBuildConfiguration section */

/* Begin XCConfigurationList section */
		5773CAE02CF2127F00A7F2A4 /* Build configuration list for PBXProject "LowBudgetSurvivalCrafter" */ = {
			isa = XCConfigurationList;
			buildConfigurations = (
				5773CAFD2CF2128000A7F2A4 /* Debug */,
				5773CAFE2CF2128000A7F2A4 /* Release */,
			);
			defaultConfigurationIsVisible = 0;
			defaultConfigurationName = Release;
		};
		5773CAFA2CF2128000A7F2A4 /* Build configuration list for PBXNativeTarget "LBSC iOS" */ = {
			isa = XCConfigurationList;
			buildConfigurations = (
				5773CAFB2CF2128000A7F2A4 /* Debug */,
				5773CAFC2CF2128000A7F2A4 /* Release */,
			);
			defaultConfigurationIsVisible = 0;
			defaultConfigurationName = Release;
		};
/* End XCConfigurationList section */

/* Begin XCLocalSwiftPackageReference section */
		57F6CA1B2D0E0647009E3A35 /* XCLocalSwiftPackageReference "Shared/Packages/DI" */ = {
			isa = XCLocalSwiftPackageReference;
			relativePath = Shared/Packages/DI;
		};
/* End XCLocalSwiftPackageReference section */

/* Begin XCSwiftPackageProductDependency section */
		57F6CA1C2D0E0647009E3A35 /* DI */ = {
			isa = XCSwiftPackageProductDependency;
			productName = DI;
		};
/* End XCSwiftPackageProductDependency section */
	};
	rootObject = 5773CADD2CF2127F00A7F2A4 /* Project object */;
}
